// !$*UTF8*$!
{
	archiveVersion = 1;
	classes = {
	};
	objectVersion = 50;
	objects = {

/* Begin PBXBuildFile section */
		2C997B4C21A3F7AC005ECDCF /* Main.storyboard in Resources */ = {isa = PBXBuildFile; fileRef = 2C997B4A21A3F7AC005ECDCF /* Main.storyboard */; };
		2C997B4F21A3F7AC005ECDCF /* CarChain.xcdatamodeld in Sources */ = {isa = PBXBuildFile; fileRef = 2C997B4D21A3F7AC005ECDCF /* CarChain.xcdatamodeld */; };
		2C997B5421A3F7AD005ECDCF /* LaunchScreen.storyboard in Resources */ = {isa = PBXBuildFile; fileRef = 2C997B5221A3F7AD005ECDCF /* LaunchScreen.storyboard */; };
		2C997B5F21A40165005ECDCF /* MapKit.framework in Frameworks */ = {isa = PBXBuildFile; fileRef = 2C997B5E21A40165005ECDCF /* MapKit.framework */; };
		2C997B6121A402DA005ECDCF /* CCMapViewController.swift in Sources */ = {isa = PBXBuildFile; fileRef = 2C997B6021A402DA005ECDCF /* CCMapViewController.swift */; };
		2C997B6321A42126005ECDCF /* CCVehicle.swift in Sources */ = {isa = PBXBuildFile; fileRef = 2C997B6221A42126005ECDCF /* CCVehicle.swift */; };
		2C997B6521A42ED3005ECDCF /* CCVehicleManager.swift in Sources */ = {isa = PBXBuildFile; fileRef = 2C997B6421A42ED3005ECDCF /* CCVehicleManager.swift */; };
		6E22D6F822672C8500647165 /* CCSmartContract.swift in Sources */ = {isa = PBXBuildFile; fileRef = 6E22D6F722672C8500647165 /* CCSmartContract.swift */; };
		6E22D6FB226730EE00647165 /* CCExtensions.swift in Sources */ = {isa = PBXBuildFile; fileRef = 6E22D6FA226730EE00647165 /* CCExtensions.swift */; };
		6E22D6FF226732F600647165 /* AppCoordinator.swift in Sources */ = {isa = PBXBuildFile; fileRef = 6E22D6FE226732F600647165 /* AppCoordinator.swift */; };
		6E22D702226733C300647165 /* CCMapViewModel.swift in Sources */ = {isa = PBXBuildFile; fileRef = 6E22D701226733C300647165 /* CCMapViewModel.swift */; };
		6E22D704226734E400647165 /* Map.storyboard in Resources */ = {isa = PBXBuildFile; fileRef = 6E22D703226734E400647165 /* Map.storyboard */; };
		6E22D70622673A3E00647165 /* CCLateralMenuViewController.swift in Sources */ = {isa = PBXBuildFile; fileRef = 6E22D70522673A3E00647165 /* CCLateralMenuViewController.swift */; };
		6E22D70922673B3A00647165 /* CCBaseViewController.swift in Sources */ = {isa = PBXBuildFile; fileRef = 6E22D70822673B3A00647165 /* CCBaseViewController.swift */; };
		6E22D70B22673BAA00647165 /* CCConstants.swift in Sources */ = {isa = PBXBuildFile; fileRef = 6E22D70A22673BAA00647165 /* CCConstants.swift */; };
		6E22D70D22673DD000647165 /* CCMapCoordinator.swift in Sources */ = {isa = PBXBuildFile; fileRef = 6E22D70C22673DD000647165 /* CCMapCoordinator.swift */; };
		6E22D70F226744F600647165 /* CCLateralMenuTableViewController.swift in Sources */ = {isa = PBXBuildFile; fileRef = 6E22D70E226744F600647165 /* CCLateralMenuTableViewController.swift */; };
		6E22D7112267453E00647165 /* CCLateralMenuTableViewModel.swift in Sources */ = {isa = PBXBuildFile; fileRef = 6E22D7102267453E00647165 /* CCLateralMenuTableViewModel.swift */; };
		6E22D7132267475600647165 /* Assets.xcassets in Resources */ = {isa = PBXBuildFile; fileRef = 6E22D7122267475500647165 /* Assets.xcassets */; };
		6E22D71522674C9E00647165 /* MyProfile.storyboard in Resources */ = {isa = PBXBuildFile; fileRef = 6E22D71422674C9E00647165 /* MyProfile.storyboard */; };
		6E22D71822674CE500647165 /* CCMyProfileViewController.swift in Sources */ = {isa = PBXBuildFile; fileRef = 6E22D71722674CE500647165 /* CCMyProfileViewController.swift */; };
		6E22D71A22674CEF00647165 /* CCMyProfileViewModel.swift in Sources */ = {isa = PBXBuildFile; fileRef = 6E22D71922674CEF00647165 /* CCMyProfileViewModel.swift */; };
		6E22D71C22674CFF00647165 /* CCMyProfileCoordinator.swift in Sources */ = {isa = PBXBuildFile; fileRef = 6E22D71B22674CFF00647165 /* CCMyProfileCoordinator.swift */; };
		6E22D722226FA5AF00647165 /* Login.storyboard in Resources */ = {isa = PBXBuildFile; fileRef = 6E22D721226FA5AF00647165 /* Login.storyboard */; };
		6E22D728226FA5D300647165 /* CCLoginCoordinator.swift in Sources */ = {isa = PBXBuildFile; fileRef = 6E22D724226FA5D200647165 /* CCLoginCoordinator.swift */; };
		6E22D729226FA5D300647165 /* CCLoginViewController.swift in Sources */ = {isa = PBXBuildFile; fileRef = 6E22D725226FA5D200647165 /* CCLoginViewController.swift */; };
		6E22D72B226FA5D300647165 /* CCLoginViewModel.swift in Sources */ = {isa = PBXBuildFile; fileRef = 6E22D727226FA5D300647165 /* CCLoginViewModel.swift */; };
		6E22D730226FBE7300647165 /* CCRegisterCoordinator.swift in Sources */ = {isa = PBXBuildFile; fileRef = 6E22D72C226FBE7300647165 /* CCRegisterCoordinator.swift */; };
		6E22D731226FBE7300647165 /* CCRegisterViewController.swift in Sources */ = {isa = PBXBuildFile; fileRef = 6E22D72D226FBE7300647165 /* CCRegisterViewController.swift */; };
		6E22D733226FBE7300647165 /* CCRegisterViewModel.swift in Sources */ = {isa = PBXBuildFile; fileRef = 6E22D72F226FBE7300647165 /* CCRegisterViewModel.swift */; };
		6E22D73622703E6600647165 /* GoogleService-Info.plist in Resources */ = {isa = PBXBuildFile; fileRef = 6E22D73522703E6600647165 /* GoogleService-Info.plist */; };
		835DFC0F6C977831E4A9C03A /* Pods_CarChain.framework in Frameworks */ = {isa = PBXBuildFile; fileRef = 7289971E7B5FBAB7EDE6E06E /* Pods_CarChain.framework */; };
		DB01EBEB2272479300D09383 /* CCUserSessionManager.swift in Sources */ = {isa = PBXBuildFile; fileRef = DB01EBEA2272479300D09383 /* CCUserSessionManager.swift */; };
		DB477B8A21A712DD007CD961 /* AppDelegate.swift in Sources */ = {isa = PBXBuildFile; fileRef = DB477B6B21A712DD007CD961 /* AppDelegate.swift */; };
/* End PBXBuildFile section */

/* Begin PBXFileReference section */
		2C997B4321A3F7AC005ECDCF /* CarChain.app */ = {isa = PBXFileReference; explicitFileType = wrapper.application; includeInIndex = 0; path = CarChain.app; sourceTree = BUILT_PRODUCTS_DIR; };
		2C997B4B21A3F7AC005ECDCF /* Base */ = {isa = PBXFileReference; lastKnownFileType = file.storyboard; name = Base; path = Base.lproj/Main.storyboard; sourceTree = "<group>"; };
		2C997B4E21A3F7AC005ECDCF /* CarChain.xcdatamodel */ = {isa = PBXFileReference; lastKnownFileType = wrapper.xcdatamodel; path = CarChain.xcdatamodel; sourceTree = "<group>"; };
		2C997B5321A3F7AD005ECDCF /* Base */ = {isa = PBXFileReference; lastKnownFileType = file.storyboard; name = Base; path = Base.lproj/LaunchScreen.storyboard; sourceTree = "<group>"; };
		2C997B5521A3F7AD005ECDCF /* Info.plist */ = {isa = PBXFileReference; lastKnownFileType = text.plist.xml; path = Info.plist; sourceTree = "<group>"; };
		2C997B5E21A40165005ECDCF /* MapKit.framework */ = {isa = PBXFileReference; lastKnownFileType = wrapper.framework; name = MapKit.framework; path = System/Library/Frameworks/MapKit.framework; sourceTree = SDKROOT; };
		2C997B6021A402DA005ECDCF /* CCMapViewController.swift */ = {isa = PBXFileReference; lastKnownFileType = sourcecode.swift; path = CCMapViewController.swift; sourceTree = "<group>"; };
		2C997B6221A42126005ECDCF /* CCVehicle.swift */ = {isa = PBXFileReference; lastKnownFileType = sourcecode.swift; path = CCVehicle.swift; sourceTree = "<group>"; };
		2C997B6421A42ED3005ECDCF /* CCVehicleManager.swift */ = {isa = PBXFileReference; lastKnownFileType = sourcecode.swift; path = CCVehicleManager.swift; sourceTree = "<group>"; };
		33AD324B1AB5006DFCB96E39 /* Pods-CarChain.release.xcconfig */ = {isa = PBXFileReference; includeInIndex = 1; lastKnownFileType = text.xcconfig; name = "Pods-CarChain.release.xcconfig"; path = "Pods/Target Support Files/Pods-CarChain/Pods-CarChain.release.xcconfig"; sourceTree = "<group>"; };
		6E22D6F722672C8500647165 /* CCSmartContract.swift */ = {isa = PBXFileReference; lastKnownFileType = sourcecode.swift; path = CCSmartContract.swift; sourceTree = "<group>"; };
		6E22D6FA226730EE00647165 /* CCExtensions.swift */ = {isa = PBXFileReference; lastKnownFileType = sourcecode.swift; path = CCExtensions.swift; sourceTree = "<group>"; };
		6E22D6FE226732F600647165 /* AppCoordinator.swift */ = {isa = PBXFileReference; lastKnownFileType = sourcecode.swift; path = AppCoordinator.swift; sourceTree = "<group>"; };
		6E22D701226733C300647165 /* CCMapViewModel.swift */ = {isa = PBXFileReference; lastKnownFileType = sourcecode.swift; path = CCMapViewModel.swift; sourceTree = "<group>"; };
		6E22D703226734E400647165 /* Map.storyboard */ = {isa = PBXFileReference; lastKnownFileType = file.storyboard; path = Map.storyboard; sourceTree = "<group>"; };
		6E22D70522673A3E00647165 /* CCLateralMenuViewController.swift */ = {isa = PBXFileReference; lastKnownFileType = sourcecode.swift; path = CCLateralMenuViewController.swift; sourceTree = "<group>"; };
		6E22D70822673B3A00647165 /* CCBaseViewController.swift */ = {isa = PBXFileReference; lastKnownFileType = sourcecode.swift; path = CCBaseViewController.swift; sourceTree = "<group>"; };
		6E22D70A22673BAA00647165 /* CCConstants.swift */ = {isa = PBXFileReference; lastKnownFileType = sourcecode.swift; path = CCConstants.swift; sourceTree = "<group>"; };
		6E22D70C22673DD000647165 /* CCMapCoordinator.swift */ = {isa = PBXFileReference; lastKnownFileType = sourcecode.swift; path = CCMapCoordinator.swift; sourceTree = "<group>"; };
		6E22D70E226744F600647165 /* CCLateralMenuTableViewController.swift */ = {isa = PBXFileReference; lastKnownFileType = sourcecode.swift; path = CCLateralMenuTableViewController.swift; sourceTree = "<group>"; };
		6E22D7102267453E00647165 /* CCLateralMenuTableViewModel.swift */ = {isa = PBXFileReference; lastKnownFileType = sourcecode.swift; path = CCLateralMenuTableViewModel.swift; sourceTree = "<group>"; };
		6E22D7122267475500647165 /* Assets.xcassets */ = {isa = PBXFileReference; lastKnownFileType = folder.assetcatalog; path = Assets.xcassets; sourceTree = "<group>"; };
		6E22D71422674C9E00647165 /* MyProfile.storyboard */ = {isa = PBXFileReference; lastKnownFileType = file.storyboard; path = MyProfile.storyboard; sourceTree = "<group>"; };
		6E22D71722674CE500647165 /* CCMyProfileViewController.swift */ = {isa = PBXFileReference; lastKnownFileType = sourcecode.swift; path = CCMyProfileViewController.swift; sourceTree = "<group>"; };
		6E22D71922674CEF00647165 /* CCMyProfileViewModel.swift */ = {isa = PBXFileReference; lastKnownFileType = sourcecode.swift; path = CCMyProfileViewModel.swift; sourceTree = "<group>"; };
		6E22D71B22674CFF00647165 /* CCMyProfileCoordinator.swift */ = {isa = PBXFileReference; lastKnownFileType = sourcecode.swift; path = CCMyProfileCoordinator.swift; sourceTree = "<group>"; };
		6E22D721226FA5AF00647165 /* Login.storyboard */ = {isa = PBXFileReference; lastKnownFileType = file.storyboard; path = Login.storyboard; sourceTree = "<group>"; };
		6E22D724226FA5D200647165 /* CCLoginCoordinator.swift */ = {isa = PBXFileReference; lastKnownFileType = sourcecode.swift; path = CCLoginCoordinator.swift; sourceTree = "<group>"; };
		6E22D725226FA5D200647165 /* CCLoginViewController.swift */ = {isa = PBXFileReference; lastKnownFileType = sourcecode.swift; path = CCLoginViewController.swift; sourceTree = "<group>"; };
		6E22D727226FA5D300647165 /* CCLoginViewModel.swift */ = {isa = PBXFileReference; lastKnownFileType = sourcecode.swift; path = CCLoginViewModel.swift; sourceTree = "<group>"; };
		6E22D72C226FBE7300647165 /* CCRegisterCoordinator.swift */ = {isa = PBXFileReference; lastKnownFileType = sourcecode.swift; path = CCRegisterCoordinator.swift; sourceTree = "<group>"; };
		6E22D72D226FBE7300647165 /* CCRegisterViewController.swift */ = {isa = PBXFileReference; lastKnownFileType = sourcecode.swift; path = CCRegisterViewController.swift; sourceTree = "<group>"; };
		6E22D72F226FBE7300647165 /* CCRegisterViewModel.swift */ = {isa = PBXFileReference; lastKnownFileType = sourcecode.swift; path = CCRegisterViewModel.swift; sourceTree = "<group>"; };
		6E22D73522703E6600647165 /* GoogleService-Info.plist */ = {isa = PBXFileReference; fileEncoding = 4; lastKnownFileType = text.plist.xml; path = "GoogleService-Info.plist"; sourceTree = "<group>"; };
		7289971E7B5FBAB7EDE6E06E /* Pods_CarChain.framework */ = {isa = PBXFileReference; explicitFileType = wrapper.framework; includeInIndex = 0; path = Pods_CarChain.framework; sourceTree = BUILT_PRODUCTS_DIR; };
		93FA3B374F87980F1BFF4850 /* Pods-CarChain.debug.xcconfig */ = {isa = PBXFileReference; includeInIndex = 1; lastKnownFileType = text.xcconfig; name = "Pods-CarChain.debug.xcconfig"; path = "Pods/Target Support Files/Pods-CarChain/Pods-CarChain.debug.xcconfig"; sourceTree = "<group>"; };
		DB01EBEA2272479300D09383 /* CCUserSessionManager.swift */ = {isa = PBXFileReference; fileEncoding = 4; lastKnownFileType = sourcecode.swift; path = CCUserSessionManager.swift; sourceTree = "<group>"; };
		DB477B6B21A712DD007CD961 /* AppDelegate.swift */ = {isa = PBXFileReference; fileEncoding = 4; lastKnownFileType = sourcecode.swift; path = AppDelegate.swift; sourceTree = "<group>"; };
/* End PBXFileReference section */

/* Begin PBXFrameworksBuildPhase section */
		2C997B4021A3F7AC005ECDCF /* Frameworks */ = {
			isa = PBXFrameworksBuildPhase;
			buildActionMask = 2147483647;
			files = (
				2C997B5F21A40165005ECDCF /* MapKit.framework in Frameworks */,
				835DFC0F6C977831E4A9C03A /* Pods_CarChain.framework in Frameworks */,
			);
			runOnlyForDeploymentPostprocessing = 0;
		};
/* End PBXFrameworksBuildPhase section */

/* Begin PBXGroup section */
		2C997B3A21A3F7AC005ECDCF = {
			isa = PBXGroup;
			children = (
				2C997B4521A3F7AC005ECDCF /* CarChain */,
				2C997B4421A3F7AC005ECDCF /* Products */,
				2C997B5D21A40165005ECDCF /* Frameworks */,
				CAF44C7B5B1401959627D706 /* Pods */,
			);
			sourceTree = "<group>";
		};
		2C997B4421A3F7AC005ECDCF /* Products */ = {
			isa = PBXGroup;
			children = (
				2C997B4321A3F7AC005ECDCF /* CarChain.app */,
			);
			name = Products;
			sourceTree = "<group>";
		};
		2C997B4521A3F7AC005ECDCF /* CarChain */ = {
			isa = PBXGroup;
			children = (
				6E22D73522703E6600647165 /* GoogleService-Info.plist */,
				6E22D70A22673BAA00647165 /* CCConstants.swift */,
				6E22D6FE226732F600647165 /* AppCoordinator.swift */,
				6E22D70822673B3A00647165 /* CCBaseViewController.swift */,
				DB477B6B21A712DD007CD961 /* AppDelegate.swift */,
				2C997B4A21A3F7AC005ECDCF /* Main.storyboard */,
				2C997B5221A3F7AD005ECDCF /* LaunchScreen.storyboard */,
				DB01EBE92272479300D09383 /* Managers */,
				6E22D723226FA5B500647165 /* Login */,
				6E22D734226FBE7D00647165 /* Register */,
				6E22D71622674CA200647165 /* My Profile */,
				6E22D7002267336E00647165 /* Map */,
				6E22D6FD2267323300647165 /* Vehicles */,
				6E22D6FC226730F300647165 /* Extensions */,
				6E22D6F922672E7500647165 /* SmartContract */,
				6E22D70722673A4600647165 /* Lateral Menu */,
				2C997B5521A3F7AD005ECDCF /* Info.plist */,
				6E22D7122267475500647165 /* Assets.xcassets */,
				2C997B4D21A3F7AC005ECDCF /* CarChain.xcdatamodeld */,
			);
			path = CarChain;
			sourceTree = "<group>";
		};
		2C997B5D21A40165005ECDCF /* Frameworks */ = {
			isa = PBXGroup;
			children = (
				2C997B5E21A40165005ECDCF /* MapKit.framework */,
				7289971E7B5FBAB7EDE6E06E /* Pods_CarChain.framework */,
			);
			name = Frameworks;
			sourceTree = "<group>";
		};
		6E22D6F922672E7500647165 /* SmartContract */ = {
			isa = PBXGroup;
			children = (
				6E22D6F722672C8500647165 /* CCSmartContract.swift */,
			);
			path = SmartContract;
			sourceTree = "<group>";
		};
		6E22D6FC226730F300647165 /* Extensions */ = {
			isa = PBXGroup;
			children = (
				6E22D6FA226730EE00647165 /* CCExtensions.swift */,
			);
			path = Extensions;
			sourceTree = "<group>";
		};
		6E22D6FD2267323300647165 /* Vehicles */ = {
			isa = PBXGroup;
			children = (
				2C997B6221A42126005ECDCF /* CCVehicle.swift */,
				2C997B6421A42ED3005ECDCF /* CCVehicleManager.swift */,
			);
			path = Vehicles;
			sourceTree = "<group>";
		};
		6E22D7002267336E00647165 /* Map */ = {
			isa = PBXGroup;
			children = (
				6E22D703226734E400647165 /* Map.storyboard */,
				2C997B6021A402DA005ECDCF /* CCMapViewController.swift */,
				6E22D701226733C300647165 /* CCMapViewModel.swift */,
				6E22D70C22673DD000647165 /* CCMapCoordinator.swift */,
			);
			path = Map;
			sourceTree = "<group>";
		};
		6E22D70722673A4600647165 /* Lateral Menu */ = {
			isa = PBXGroup;
			children = (
				6E22D70522673A3E00647165 /* CCLateralMenuViewController.swift */,
				6E22D70E226744F600647165 /* CCLateralMenuTableViewController.swift */,
				6E22D7102267453E00647165 /* CCLateralMenuTableViewModel.swift */,
			);
			path = "Lateral Menu";
			sourceTree = "<group>";
		};
		6E22D71622674CA200647165 /* My Profile */ = {
			isa = PBXGroup;
			children = (
				6E22D71422674C9E00647165 /* MyProfile.storyboard */,
				6E22D71722674CE500647165 /* CCMyProfileViewController.swift */,
				6E22D71922674CEF00647165 /* CCMyProfileViewModel.swift */,
				6E22D71B22674CFF00647165 /* CCMyProfileCoordinator.swift */,
			);
			path = "My Profile";
			sourceTree = "<group>";
		};
		6E22D723226FA5B500647165 /* Login */ = {
			isa = PBXGroup;
			children = (
				6E22D721226FA5AF00647165 /* Login.storyboard */,
				6E22D724226FA5D200647165 /* CCLoginCoordinator.swift */,
				6E22D725226FA5D200647165 /* CCLoginViewController.swift */,
				6E22D727226FA5D300647165 /* CCLoginViewModel.swift */,
			);
			path = Login;
			sourceTree = "<group>";
		};
		6E22D734226FBE7D00647165 /* Register */ = {
			isa = PBXGroup;
			children = (
				6E22D72C226FBE7300647165 /* CCRegisterCoordinator.swift */,
				6E22D72D226FBE7300647165 /* CCRegisterViewController.swift */,
				6E22D72F226FBE7300647165 /* CCRegisterViewModel.swift */,
			);
			path = Register;
			sourceTree = "<group>";
		};
		CAF44C7B5B1401959627D706 /* Pods */ = {
			isa = PBXGroup;
			children = (
				93FA3B374F87980F1BFF4850 /* Pods-CarChain.debug.xcconfig */,
				33AD324B1AB5006DFCB96E39 /* Pods-CarChain.release.xcconfig */,
			);
			name = Pods;
			sourceTree = "<group>";
		};
		DB01EBE92272479300D09383 /* Managers */ = {
			isa = PBXGroup;
			children = (
				DB01EBEA2272479300D09383 /* CCUserSessionManager.swift */,
			);
			path = Managers;
			sourceTree = "<group>";
		};
/* End PBXGroup section */

/* Begin PBXNativeTarget section */
		2C997B4221A3F7AC005ECDCF /* CarChain */ = {
			isa = PBXNativeTarget;
			buildConfigurationList = 2C997B5821A3F7AD005ECDCF /* Build configuration list for PBXNativeTarget "CarChain" */;
			buildPhases = (
				286926F3BA467BBDDF8913B8 /* [CP] Check Pods Manifest.lock */,
				2C997B3F21A3F7AC005ECDCF /* Sources */,
				2C997B4021A3F7AC005ECDCF /* Frameworks */,
				2C997B4121A3F7AC005ECDCF /* Resources */,
				F78FB1B756D480435DA2F98A /* [CP] Embed Pods Frameworks */,
			);
			buildRules = (
			);
			dependencies = (
			);
			name = CarChain;
			productName = CarChain;
			productReference = 2C997B4321A3F7AC005ECDCF /* CarChain.app */;
			productType = "com.apple.product-type.application";
		};
/* End PBXNativeTarget section */

/* Begin PBXProject section */
		2C997B3B21A3F7AC005ECDCF /* Project object */ = {
			isa = PBXProject;
			attributes = {
				LastSwiftUpdateCheck = 1000;
				LastUpgradeCheck = 1000;
				ORGANIZATIONNAME = "Pablo Blanco Peris";
				TargetAttributes = {
					2C997B4221A3F7AC005ECDCF = {
						CreatedOnToolsVersion = 10.0;
					};
				};
			};
			buildConfigurationList = 2C997B3E21A3F7AC005ECDCF /* Build configuration list for PBXProject "CarChain" */;
			compatibilityVersion = "Xcode 9.3";
			developmentRegion = en;
			hasScannedForEncodings = 0;
			knownRegions = (
				en,
				Base,
			);
			mainGroup = 2C997B3A21A3F7AC005ECDCF;
			productRefGroup = 2C997B4421A3F7AC005ECDCF /* Products */;
			projectDirPath = "";
			projectRoot = "";
			targets = (
				2C997B4221A3F7AC005ECDCF /* CarChain */,
			);
		};
/* End PBXProject section */

/* Begin PBXResourcesBuildPhase section */
		2C997B4121A3F7AC005ECDCF /* Resources */ = {
			isa = PBXResourcesBuildPhase;
			buildActionMask = 2147483647;
			files = (
				2C997B5421A3F7AD005ECDCF /* LaunchScreen.storyboard in Resources */,
				2C997B4C21A3F7AC005ECDCF /* Main.storyboard in Resources */,
				6E22D722226FA5AF00647165 /* Login.storyboard in Resources */,
				6E22D7132267475600647165 /* Assets.xcassets in Resources */,
				6E22D71522674C9E00647165 /* MyProfile.storyboard in Resources */,
				6E22D704226734E400647165 /* Map.storyboard in Resources */,
				6E22D73622703E6600647165 /* GoogleService-Info.plist in Resources */,
			);
			runOnlyForDeploymentPostprocessing = 0;
		};
/* End PBXResourcesBuildPhase section */

/* Begin PBXShellScriptBuildPhase section */
		286926F3BA467BBDDF8913B8 /* [CP] Check Pods Manifest.lock */ = {
			isa = PBXShellScriptBuildPhase;
			buildActionMask = 2147483647;
			files = (
			);
			inputFileListPaths = (
			);
			inputPaths = (
				"${PODS_PODFILE_DIR_PATH}/Podfile.lock",
				"${PODS_ROOT}/Manifest.lock",
			);
			name = "[CP] Check Pods Manifest.lock";
			outputFileListPaths = (
			);
			outputPaths = (
				"$(DERIVED_FILE_DIR)/Pods-CarChain-checkManifestLockResult.txt",
			);
			runOnlyForDeploymentPostprocessing = 0;
			shellPath = /bin/sh;
			shellScript = "diff \"${PODS_PODFILE_DIR_PATH}/Podfile.lock\" \"${PODS_ROOT}/Manifest.lock\" > /dev/null\nif [ $? != 0 ] ; then\n    # print error to STDERR\n    echo \"error: The sandbox is not in sync with the Podfile.lock. Run 'pod install' or update your CocoaPods installation.\" >&2\n    exit 1\nfi\n# This output is used by Xcode 'outputs' to avoid re-running this script phase.\necho \"SUCCESS\" > \"${SCRIPT_OUTPUT_FILE_0}\"\n";
			showEnvVarsInLog = 0;
		};
		F78FB1B756D480435DA2F98A /* [CP] Embed Pods Frameworks */ = {
			isa = PBXShellScriptBuildPhase;
			buildActionMask = 2147483647;
			files = (
			);
			inputFileListPaths = (
			);
			inputPaths = (
				"${SRCROOT}/Pods/Target Support Files/Pods-CarChain/Pods-CarChain-frameworks.sh",
				"${BUILT_PRODUCTS_DIR}/BigInt/BigInt.framework",
				"${BUILT_PRODUCTS_DIR}/CryptoSwift/CryptoSwift.framework",
				"${BUILT_PRODUCTS_DIR}/GTMSessionFetcher/GTMSessionFetcher.framework",
				"${BUILT_PRODUCTS_DIR}/GoogleUtilities/GoogleUtilities.framework",
				"${BUILT_PRODUCTS_DIR}/PromiseKit/PromiseKit.framework",
				"${BUILT_PRODUCTS_DIR}/RxCocoa/RxCocoa.framework",
				"${BUILT_PRODUCTS_DIR}/RxSwift/RxSwift.framework",
				"${BUILT_PRODUCTS_DIR}/SipHash/SipHash.framework",
				"${BUILT_PRODUCTS_DIR}/Web3/Web3.framework",
				"${BUILT_PRODUCTS_DIR}/nanopb/nanopb.framework",
				"${BUILT_PRODUCTS_DIR}/secp256k1.swift/secp256k1.framework",
			);
			name = "[CP] Embed Pods Frameworks";
			outputFileListPaths = (
			);
			outputPaths = (
				"${TARGET_BUILD_DIR}/${FRAMEWORKS_FOLDER_PATH}/BigInt.framework",
				"${TARGET_BUILD_DIR}/${FRAMEWORKS_FOLDER_PATH}/CryptoSwift.framework",
				"${TARGET_BUILD_DIR}/${FRAMEWORKS_FOLDER_PATH}/GTMSessionFetcher.framework",
				"${TARGET_BUILD_DIR}/${FRAMEWORKS_FOLDER_PATH}/GoogleUtilities.framework",
				"${TARGET_BUILD_DIR}/${FRAMEWORKS_FOLDER_PATH}/PromiseKit.framework",
				"${TARGET_BUILD_DIR}/${FRAMEWORKS_FOLDER_PATH}/RxCocoa.framework",
				"${TARGET_BUILD_DIR}/${FRAMEWORKS_FOLDER_PATH}/RxSwift.framework",
				"${TARGET_BUILD_DIR}/${FRAMEWORKS_FOLDER_PATH}/SipHash.framework",
				"${TARGET_BUILD_DIR}/${FRAMEWORKS_FOLDER_PATH}/Web3.framework",
				"${TARGET_BUILD_DIR}/${FRAMEWORKS_FOLDER_PATH}/nanopb.framework",
				"${TARGET_BUILD_DIR}/${FRAMEWORKS_FOLDER_PATH}/secp256k1.framework",
			);
			runOnlyForDeploymentPostprocessing = 0;
			shellPath = /bin/sh;
			shellScript = "\"${SRCROOT}/Pods/Target Support Files/Pods-CarChain/Pods-CarChain-frameworks.sh\"\n";
			showEnvVarsInLog = 0;
		};
/* End PBXShellScriptBuildPhase section */

/* Begin PBXSourcesBuildPhase section */
		2C997B3F21A3F7AC005ECDCF /* Sources */ = {
			isa = PBXSourcesBuildPhase;
			buildActionMask = 2147483647;
			files = (
				6E22D6FF226732F600647165 /* AppCoordinator.swift in Sources */,
				6E22D72B226FA5D300647165 /* CCLoginViewModel.swift in Sources */,
				6E22D6FB226730EE00647165 /* CCExtensions.swift in Sources */,
				DB01EBEB2272479300D09383 /* CCUserSessionManager.swift in Sources */,
				DB477B8A21A712DD007CD961 /* AppDelegate.swift in Sources */,
				2C997B4F21A3F7AC005ECDCF /* CarChain.xcdatamodeld in Sources */,
				2C997B6321A42126005ECDCF /* CCVehicle.swift in Sources */,
				2C997B6521A42ED3005ECDCF /* CCVehicleManager.swift in Sources */,
				6E22D71822674CE500647165 /* CCMyProfileViewController.swift in Sources */,
				6E22D702226733C300647165 /* CCMapViewModel.swift in Sources */,
				6E22D729226FA5D300647165 /* CCLoginViewController.swift in Sources */,
				6E22D70B22673BAA00647165 /* CCConstants.swift in Sources */,
				6E22D70922673B3A00647165 /* CCBaseViewController.swift in Sources */,
				6E22D70D22673DD000647165 /* CCMapCoordinator.swift in Sources */,
				6E22D71A22674CEF00647165 /* CCMyProfileViewModel.swift in Sources */,
				6E22D7112267453E00647165 /* CCLateralMenuTableViewModel.swift in Sources */,
				6E22D70622673A3E00647165 /* CCLateralMenuViewController.swift in Sources */,
				2C997B6121A402DA005ECDCF /* CCMapViewController.swift in Sources */,
				6E22D70F226744F600647165 /* CCLateralMenuTableViewController.swift in Sources */,
				6E22D71C22674CFF00647165 /* CCMyProfileCoordinator.swift in Sources */,
				6E22D730226FBE7300647165 /* CCRegisterCoordinator.swift in Sources */,
				6E22D6F822672C8500647165 /* CCSmartContract.swift in Sources */,
				6E22D733226FBE7300647165 /* CCRegisterViewModel.swift in Sources */,
				6E22D731226FBE7300647165 /* CCRegisterViewController.swift in Sources */,
				6E22D728226FA5D300647165 /* CCLoginCoordinator.swift in Sources */,
			);
			runOnlyForDeploymentPostprocessing = 0;
		};
/* End PBXSourcesBuildPhase section */

/* Begin PBXVariantGroup section */
		2C997B4A21A3F7AC005ECDCF /* Main.storyboard */ = {
			isa = PBXVariantGroup;
			children = (
				2C997B4B21A3F7AC005ECDCF /* Base */,
			);
			name = Main.storyboard;
			sourceTree = "<group>";
		};
		2C997B5221A3F7AD005ECDCF /* LaunchScreen.storyboard */ = {
			isa = PBXVariantGroup;
			children = (
				2C997B5321A3F7AD005ECDCF /* Base */,
			);
			name = LaunchScreen.storyboard;
			sourceTree = "<group>";
		};
/* End PBXVariantGroup section */

/* Begin XCBuildConfiguration section */
		2C997B5621A3F7AD005ECDCF /* Debug */ = {
			isa = XCBuildConfiguration;
			buildSettings = {
				ALWAYS_SEARCH_USER_PATHS = NO;
				CLANG_ANALYZER_NONNULL = YES;
				CLANG_ANALYZER_NUMBER_OBJECT_CONVERSION = YES_AGGRESSIVE;
				CLANG_CXX_LANGUAGE_STANDARD = "gnu++14";
				CLANG_CXX_LIBRARY = "libc++";
				CLANG_ENABLE_MODULES = YES;
				CLANG_ENABLE_OBJC_ARC = YES;
				CLANG_ENABLE_OBJC_WEAK = YES;
				CLANG_WARN_BLOCK_CAPTURE_AUTORELEASING = YES;
				CLANG_WARN_BOOL_CONVERSION = YES;
				CLANG_WARN_COMMA = YES;
				CLANG_WARN_CONSTANT_CONVERSION = YES;
				CLANG_WARN_DEPRECATED_OBJC_IMPLEMENTATIONS = YES;
				CLANG_WARN_DIRECT_OBJC_ISA_USAGE = YES_ERROR;
				CLANG_WARN_DOCUMENTATION_COMMENTS = YES;
				CLANG_WARN_EMPTY_BODY = YES;
				CLANG_WARN_ENUM_CONVERSION = YES;
				CLANG_WARN_INFINITE_RECURSION = YES;
				CLANG_WARN_INT_CONVERSION = YES;
				CLANG_WARN_NON_LITERAL_NULL_CONVERSION = YES;
				CLANG_WARN_OBJC_IMPLICIT_RETAIN_SELF = YES;
				CLANG_WARN_OBJC_LITERAL_CONVERSION = YES;
				CLANG_WARN_OBJC_ROOT_CLASS = YES_ERROR;
				CLANG_WARN_RANGE_LOOP_ANALYSIS = YES;
				CLANG_WARN_STRICT_PROTOTYPES = YES;
				CLANG_WARN_SUSPICIOUS_MOVE = YES;
				CLANG_WARN_UNGUARDED_AVAILABILITY = YES_AGGRESSIVE;
				CLANG_WARN_UNREACHABLE_CODE = YES;
				CLANG_WARN__DUPLICATE_METHOD_MATCH = YES;
				CODE_SIGN_IDENTITY = "iPhone Developer";
				COPY_PHASE_STRIP = NO;
				DEBUG_INFORMATION_FORMAT = dwarf;
				ENABLE_STRICT_OBJC_MSGSEND = YES;
				ENABLE_TESTABILITY = YES;
				GCC_C_LANGUAGE_STANDARD = gnu11;
				GCC_DYNAMIC_NO_PIC = NO;
				GCC_NO_COMMON_BLOCKS = YES;
				GCC_OPTIMIZATION_LEVEL = 0;
				GCC_PREPROCESSOR_DEFINITIONS = (
					"DEBUG=1",
					"$(inherited)",
				);
				GCC_WARN_64_TO_32_BIT_CONVERSION = YES;
				GCC_WARN_ABOUT_RETURN_TYPE = YES_ERROR;
				GCC_WARN_UNDECLARED_SELECTOR = YES;
				GCC_WARN_UNINITIALIZED_AUTOS = YES_AGGRESSIVE;
				GCC_WARN_UNUSED_FUNCTION = YES;
				GCC_WARN_UNUSED_VARIABLE = YES;
				IPHONEOS_DEPLOYMENT_TARGET = 11.0;
				MTL_ENABLE_DEBUG_INFO = INCLUDE_SOURCE;
				MTL_FAST_MATH = YES;
				ONLY_ACTIVE_ARCH = YES;
				SDKROOT = iphoneos;
				SWIFT_ACTIVE_COMPILATION_CONDITIONS = DEBUG;
				SWIFT_OPTIMIZATION_LEVEL = "-Onone";
			};
			name = Debug;
		};
		2C997B5721A3F7AD005ECDCF /* Release */ = {
			isa = XCBuildConfiguration;
			buildSettings = {
				ALWAYS_SEARCH_USER_PATHS = NO;
				CLANG_ANALYZER_NONNULL = YES;
				CLANG_ANALYZER_NUMBER_OBJECT_CONVERSION = YES_AGGRESSIVE;
				CLANG_CXX_LANGUAGE_STANDARD = "gnu++14";
				CLANG_CXX_LIBRARY = "libc++";
				CLANG_ENABLE_MODULES = YES;
				CLANG_ENABLE_OBJC_ARC = YES;
				CLANG_ENABLE_OBJC_WEAK = YES;
				CLANG_WARN_BLOCK_CAPTURE_AUTORELEASING = YES;
				CLANG_WARN_BOOL_CONVERSION = YES;
				CLANG_WARN_COMMA = YES;
				CLANG_WARN_CONSTANT_CONVERSION = YES;
				CLANG_WARN_DEPRECATED_OBJC_IMPLEMENTATIONS = YES;
				CLANG_WARN_DIRECT_OBJC_ISA_USAGE = YES_ERROR;
				CLANG_WARN_DOCUMENTATION_COMMENTS = YES;
				CLANG_WARN_EMPTY_BODY = YES;
				CLANG_WARN_ENUM_CONVERSION = YES;
				CLANG_WARN_INFINITE_RECURSION = YES;
				CLANG_WARN_INT_CONVERSION = YES;
				CLANG_WARN_NON_LITERAL_NULL_CONVERSION = YES;
				CLANG_WARN_OBJC_IMPLICIT_RETAIN_SELF = YES;
				CLANG_WARN_OBJC_LITERAL_CONVERSION = YES;
				CLANG_WARN_OBJC_ROOT_CLASS = YES_ERROR;
				CLANG_WARN_RANGE_LOOP_ANALYSIS = YES;
				CLANG_WARN_STRICT_PROTOTYPES = YES;
				CLANG_WARN_SUSPICIOUS_MOVE = YES;
				CLANG_WARN_UNGUARDED_AVAILABILITY = YES_AGGRESSIVE;
				CLANG_WARN_UNREACHABLE_CODE = YES;
				CLANG_WARN__DUPLICATE_METHOD_MATCH = YES;
				CODE_SIGN_IDENTITY = "iPhone Developer";
				COPY_PHASE_STRIP = NO;
				DEBUG_INFORMATION_FORMAT = "dwarf-with-dsym";
				ENABLE_NS_ASSERTIONS = NO;
				ENABLE_STRICT_OBJC_MSGSEND = YES;
				GCC_C_LANGUAGE_STANDARD = gnu11;
				GCC_NO_COMMON_BLOCKS = YES;
				GCC_WARN_64_TO_32_BIT_CONVERSION = YES;
				GCC_WARN_ABOUT_RETURN_TYPE = YES_ERROR;
				GCC_WARN_UNDECLARED_SELECTOR = YES;
				GCC_WARN_UNINITIALIZED_AUTOS = YES_AGGRESSIVE;
				GCC_WARN_UNUSED_FUNCTION = YES;
				GCC_WARN_UNUSED_VARIABLE = YES;
				IPHONEOS_DEPLOYMENT_TARGET = 11.0;
				MTL_ENABLE_DEBUG_INFO = NO;
				MTL_FAST_MATH = YES;
				SDKROOT = iphoneos;
				SWIFT_COMPILATION_MODE = wholemodule;
				SWIFT_OPTIMIZATION_LEVEL = "-O";
				VALIDATE_PRODUCT = YES;
			};
			name = Release;
		};
		2C997B5921A3F7AD005ECDCF /* Debug */ = {
			isa = XCBuildConfiguration;
			baseConfigurationReference = 93FA3B374F87980F1BFF4850 /* Pods-CarChain.debug.xcconfig */;
			buildSettings = {
				ASSETCATALOG_COMPILER_APPICON_NAME = AppIcon;
				CODE_SIGN_STYLE = Automatic;
				DEVELOPMENT_TEAM = Q3RYN8A3D8;
				INFOPLIST_FILE = CarChain/Info.plist;
				IPHONEOS_DEPLOYMENT_TARGET = 11.0;
				LD_RUNPATH_SEARCH_PATHS = (
					"$(inherited)",
					"@executable_path/Frameworks",
				);
				PRODUCT_BUNDLE_IDENTIFIER = pbp.CarChain;
				PRODUCT_NAME = "$(TARGET_NAME)";
				SWIFT_VERSION = 4.2;
				TARGETED_DEVICE_FAMILY = "1,2";
			};
			name = Debug;
		};
		2C997B5A21A3F7AD005ECDCF /* Release */ = {
			isa = XCBuildConfiguration;
			baseConfigurationReference = 33AD324B1AB5006DFCB96E39 /* Pods-CarChain.release.xcconfig */;
			buildSettings = {
				ASSETCATALOG_COMPILER_APPICON_NAME = AppIcon;
				CODE_SIGN_STYLE = Automatic;
				DEVELOPMENT_TEAM = Q3RYN8A3D8;
				INFOPLIST_FILE = CarChain/Info.plist;
				IPHONEOS_DEPLOYMENT_TARGET = 11.0;
				LD_RUNPATH_SEARCH_PATHS = (
					"$(inherited)",
					"@executable_path/Frameworks",
				);
				PRODUCT_BUNDLE_IDENTIFIER = pbp.CarChain;
				PRODUCT_NAME = "$(TARGET_NAME)";
				SWIFT_VERSION = 4.2;
				TARGETED_DEVICE_FAMILY = "1,2";
			};
			name = Release;
		};
/* End XCBuildConfiguration section */

/* Begin XCConfigurationList section */
		2C997B3E21A3F7AC005ECDCF /* Build configuration list for PBXProject "CarChain" */ = {
			isa = XCConfigurationList;
			buildConfigurations = (
				2C997B5621A3F7AD005ECDCF /* Debug */,
				2C997B5721A3F7AD005ECDCF /* Release */,
			);
			defaultConfigurationIsVisible = 0;
			defaultConfigurationName = Release;
		};
		2C997B5821A3F7AD005ECDCF /* Build configuration list for PBXNativeTarget "CarChain" */ = {
			isa = XCConfigurationList;
			buildConfigurations = (
				2C997B5921A3F7AD005ECDCF /* Debug */,
				2C997B5A21A3F7AD005ECDCF /* Release */,
			);
			defaultConfigurationIsVisible = 0;
			defaultConfigurationName = Release;
		};
/* End XCConfigurationList section */

/* Begin XCVersionGroup section */
		2C997B4D21A3F7AC005ECDCF /* CarChain.xcdatamodeld */ = {
			isa = XCVersionGroup;
			children = (
				2C997B4E21A3F7AC005ECDCF /* CarChain.xcdatamodel */,
			);
			currentVersion = 2C997B4E21A3F7AC005ECDCF /* CarChain.xcdatamodel */;
			path = CarChain.xcdatamodeld;
			sourceTree = "<group>";
			versionGroupType = wrapper.xcdatamodel;
		};
/* End XCVersionGroup section */
	};
	rootObject = 2C997B3B21A3F7AC005ECDCF /* Project object */;
}
